
Microsoft Visual Studio Solution File, Format Version 12.00
# Visual Studio Version 17
VisualStudioVersion = 17.0.31903.59
MinimumVisualStudioVersion = 10.0.40219.1
Project("{2150E333-8FDC-42A3-9474-1A3956D46DE8}") = "src", "src", "{827E0CD3-B72D-47B6-A68D-7590B98EB39B}"
EndProject
Project("{FAE04EC0-301F-11D3-BF4B-00C04F79EFBC}") = "DidComm.Core", "src\DidComm.Core\DidComm.Core.csproj", "{B418E2FD-FC2E-4402-B6C7-FFD6B3E4B63D}"
EndProject
Project("{2150E333-8FDC-42A3-9474-1A3956D46DE8}") = "tests", "tests", "{0AB3BF05-4346-4AA6-1389-037BE0695223}"
EndProject
Project("{FAE04EC0-301F-11D3-BF4B-00C04F79EFBC}") = "DidComm.Core.Tests", "tests\DidComm.Core.Tests\DidComm.Core.Tests.csproj", "{90F2DD8E-251F-4B7D-A4A5-FBDA54272040}"
EndProject
Project("{FAE04EC0-301F-11D3-BF4B-00C04F79EFBC}") = "DidComm.InteropTests", "tests\DidComm.InteropTests\DidComm.InteropTests.csproj", "{F7A73726-E104-4E0D-809E-E6B2465361DA}"
EndProject
Project("{FAE04EC0-301F-11D3-BF4B-00C04F79EFBC}") = "DidComm.Extensions.DependencyInjection", "src\DidComm.Extensions.DependencyInjection\DidComm.Extensions.DependencyInjection.csproj", "{69105320-BBC4-48D4-8E12-A9C77CD01B68}"
EndProject
Project("{FAE04EC0-301F-11D3-BF4B-00C04F79EFBC}") = "DidComm.Adapters.NetDid", "src\DidComm.Adapters.NetDid\DidComm.Adapters.NetDid.csproj", "{34526F2C-6FC8-43DC-9067-58457DCB5BBC}"
EndProject
Project("{FAE04EC0-301F-11D3-BF4B-00C04F79EFBC}") = "DidComm.TestSupport", "tests\DidComm.TestSupport\DidComm.TestSupport.csproj", "{2D542811-34B9-4B7E-9F0D-214289E0F261}"
EndProject
Project("{2150E333-8FDC-42A3-9474-1A3956D46DE8}") = "samples", "samples", "{5D20AA90-6969-D8BD-9DCD-8634F4692FDA}"
EndProject
Project("{FAE04EC0-301F-11D3-BF4B-00C04F79EFBC}") = "_shared", "samples\_shared\_shared.csproj", "{C3A84CD2-0A5B-42AA-90E0-B6A756544115}"
EndProject
Project("{FAE04EC0-301F-11D3-BF4B-00C04F79EFBC}") = "02-Cookbook", "samples\02-Cookbook\02-Cookbook.csproj", "{66AF9199-2571-4922-A663-62E2F9B2D71A}"
EndProject
Global
	GlobalSection(SolutionConfigurationPlatforms) = preSolution
		Debug|Any CPU = Debug|Any CPU
		Debug|x64 = Debug|x64
		Debug|x86 = Debug|x86
		Release|Any CPU = Release|Any CPU
		Release|x64 = Release|x64
		Release|x86 = Release|x86
	EndGlobalSection
	GlobalSection(ProjectConfigurationPlatforms) = postSolution
		{B418E2FD-FC2E-4402-B6C7-FFD6B3E4B63D}.Debug|Any CPU.ActiveCfg = Debug|Any CPU
		{B418E2FD-FC2E-4402-B6C7-FFD6B3E4B63D}.Debug|Any CPU.Build.0 = Debug|Any CPU
		{B418E2FD-FC2E-4402-B6C7-FFD6B3E4B63D}.Debug|x64.ActiveCfg = Debug|Any CPU
		{B418E2FD-FC2E-4402-B6C7-FFD6B3E4B63D}.Debug|x64.Build.0 = Debug|Any CPU
		{B418E2FD-FC2E-4402-B6C7-FFD6B3E4B63D}.Debug|x86.ActiveCfg = Debug|Any CPU
		{B418E2FD-FC2E-4402-B6C7-FFD6B3E4B63D}.Debug|x86.Build.0 = Debug|Any CPU
		{B418E2FD-FC2E-4402-B6C7-FFD6B3E4B63D}.Release|Any CPU.ActiveCfg = Release|Any CPU
		{B418E2FD-FC2E-4402-B6C7-FFD6B3E4B63D}.Release|Any CPU.Build.0 = Release|Any CPU
		{B418E2FD-FC2E-4402-B6C7-FFD6B3E4B63D}.Release|x64.ActiveCfg = Release|Any CPU
		{B418E2FD-FC2E-4402-B6C7-FFD6B3E4B63D}.Release|x64.Build.0 = Release|Any CPU
		{B418E2FD-FC2E-4402-B6C7-FFD6B3E4B63D}.Release|x86.ActiveCfg = Release|Any CPU
		{B418E2FD-FC2E-4402-B6C7-FFD6B3E4B63D}.Release|x86.Build.0 = Release|Any CPU
		{90F2DD8E-251F-4B7D-A4A5-FBDA54272040}.Debug|Any CPU.ActiveCfg = Debug|Any CPU
		{90F2DD8E-251F-4B7D-A4A5-FBDA54272040}.Debug|Any CPU.Build.0 = Debug|Any CPU
		{90F2DD8E-251F-4B7D-A4A5-FBDA54272040}.Debug|x64.ActiveCfg = Debug|Any CPU
		{90F2DD8E-251F-4B7D-A4A5-FBDA54272040}.Debug|x64.Build.0 = Debug|Any CPU
		{90F2DD8E-251F-4B7D-A4A5-FBDA54272040}.Debug|x86.ActiveCfg = Debug|Any CPU
		{90F2DD8E-251F-4B7D-A4A5-FBDA54272040}.Debug|x86.Build.0 = Debug|Any CPU
		{90F2DD8E-251F-4B7D-A4A5-FBDA54272040}.Release|Any CPU.ActiveCfg = Release|Any CPU
		{90F2DD8E-251F-4B7D-A4A5-FBDA54272040}.Release|Any CPU.Build.0 = Release|Any CPU
		{90F2DD8E-251F-4B7D-A4A5-FBDA54272040}.Release|x64.ActiveCfg = Release|Any CPU
		{90F2DD8E-251F-4B7D-A4A5-FBDA54272040}.Release|x64.Build.0 = Release|Any CPU
		{90F2DD8E-251F-4B7D-A4A5-FBDA54272040}.Release|x86.ActiveCfg = Release|Any CPU
		{90F2DD8E-251F-4B7D-A4A5-FBDA54272040}.Release|x86.Build.0 = Release|Any CPU
		{F7A73726-E104-4E0D-809E-E6B2465361DA}.Debug|Any CPU.ActiveCfg = Debug|Any CPU
		{F7A73726-E104-4E0D-809E-E6B2465361DA}.Debug|Any CPU.Build.0 = Debug|Any CPU
		{F7A73726-E104-4E0D-809E-E6B2465361DA}.Debug|x64.ActiveCfg = Debug|Any CPU
		{F7A73726-E104-4E0D-809E-E6B2465361DA}.Debug|x64.Build.0 = Debug|Any CPU
		{F7A73726-E104-4E0D-809E-E6B2465361DA}.Debug|x86.ActiveCfg = Debug|Any CPU
		{F7A73726-E104-4E0D-809E-E6B2465361DA}.Debug|x86.Build.0 = Debug|Any CPU
		{F7A73726-E104-4E0D-809E-E6B2465361DA}.Release|Any CPU.ActiveCfg = Release|Any CPU
		{F7A73726-E104-4E0D-809E-E6B2465361DA}.Release|Any CPU.Build.0 = Release|Any CPU
		{F7A73726-E104-4E0D-809E-E6B2465361DA}.Release|x64.ActiveCfg = Release|Any CPU
		{F7A73726-E104-4E0D-809E-E6B2465361DA}.Release|x64.Build.0 = Release|Any CPU
		{F7A73726-E104-4E0D-809E-E6B2465361DA}.Release|x86.ActiveCfg = Release|Any CPU
		{F7A73726-E104-4E0D-809E-E6B2465361DA}.Release|x86.Build.0 = Release|Any CPU
		{69105320-BBC4-48D4-8E12-A9C77CD01B68}.Debug|Any CPU.ActiveCfg = Debug|Any CPU
		{69105320-BBC4-48D4-8E12-A9C77CD01B68}.Debug|Any CPU.Build.0 = Debug|Any CPU
		{69105320-BBC4-48D4-8E12-A9C77CD01B68}.Debug|x64.ActiveCfg = Debug|Any CPU
		{69105320-BBC4-48D4-8E12-A9C77CD01B68}.Debug|x64.Build.0 = Debug|Any CPU
		{69105320-BBC4-48D4-8E12-A9C77CD01B68}.Debug|x86.ActiveCfg = Debug|Any CPU
		{69105320-BBC4-48D4-8E12-A9C77CD01B68}.Debug|x86.Build.0 = Debug|Any CPU
		{69105320-BBC4-48D4-8E12-A9C77CD01B68}.Release|Any CPU.ActiveCfg = Release|Any CPU
		{69105320-BBC4-48D4-8E12-A9C77CD01B68}.Release|Any CPU.Build.0 = Release|Any CPU
		{69105320-BBC4-48D4-8E12-A9C77CD01B68}.Release|x64.ActiveCfg = Release|Any CPU
		{69105320-BBC4-48D4-8E12-A9C77CD01B68}.Release|x64.Build.0 = Release|Any CPU
		{69105320-BBC4-48D4-8E12-A9C77CD01B68}.Release|x86.ActiveCfg = Release|Any CPU
		{69105320-BBC4-48D4-8E12-A9C77CD01B68}.Release|x86.Build.0 = Release|Any CPU
		{34526F2C-6FC8-43DC-9067-58457DCB5BBC}.Debug|Any CPU.ActiveCfg = Debug|Any CPU
		{34526F2C-6FC8-43DC-9067-58457DCB5BBC}.Debug|Any CPU.Build.0 = Debug|Any CPU
		{34526F2C-6FC8-43DC-9067-58457DCB5BBC}.Debug|x64.ActiveCfg = Debug|Any CPU
		{34526F2C-6FC8-43DC-9067-58457DCB5BBC}.Debug|x64.Build.0 = Debug|Any CPU
		{34526F2C-6FC8-43DC-9067-58457DCB5BBC}.Debug|x86.ActiveCfg = Debug|Any CPU
		{34526F2C-6FC8-43DC-9067-58457DCB5BBC}.Debug|x86.Build.0 = Debug|Any CPU
		{34526F2C-6FC8-43DC-9067-58457DCB5BBC}.Release|Any CPU.ActiveCfg = Release|Any CPU
		{34526F2C-6FC8-43DC-9067-58457DCB5BBC}.Release|Any CPU.Build.0 = Release|Any CPU
		{34526F2C-6FC8-43DC-9067-58457DCB5BBC}.Release|x64.ActiveCfg = Release|Any CPU
		{34526F2C-6FC8-43DC-9067-58457DCB5BBC}.Release|x64.Build.0 = Release|Any CPU
		{34526F2C-6FC8-43DC-9067-58457DCB5BBC}.Release|x86.ActiveCfg = Release|Any CPU
		{34526F2C-6FC8-43DC-9067-58457DCB5BBC}.Release|x86.Build.0 = Release|Any CPU
		{2D542811-34B9-4B7E-9F0D-214289E0F261}.Debug|Any CPU.ActiveCfg = Debug|Any CPU
		{2D542811-34B9-4B7E-9F0D-214289E0F261}.Debug|Any CPU.Build.0 = Debug|Any CPU
		{2D542811-34B9-4B7E-9F0D-214289E0F261}.Debug|x64.ActiveCfg = Debug|Any CPU
		{2D542811-34B9-4B7E-9F0D-214289E0F261}.Debug|x64.Build.0 = Debug|Any CPU
		{2D542811-34B9-4B7E-9F0D-214289E0F261}.Debug|x86.ActiveCfg = Debug|Any CPU
		{2D542811-34B9-4B7E-9F0D-214289E0F261}.Debug|x86.Build.0 = Debug|Any CPU
		{2D542811-34B9-4B7E-9F0D-214289E0F261}.Release|Any CPU.ActiveCfg = Release|Any CPU
		{2D542811-34B9-4B7E-9F0D-214289E0F261}.Release|Any CPU.Build.0 = Release|Any CPU
		{2D542811-34B9-4B7E-9F0D-214289E0F261}.Release|x64.ActiveCfg = Release|Any CPU
		{2D542811-34B9-4B7E-9F0D-214289E0F261}.Release|x64.Build.0 = Release|Any CPU
		{2D542811-34B9-4B7E-9F0D-214289E0F261}.Release|x86.ActiveCfg = Release|Any CPU
		{2D542811-34B9-4B7E-9F0D-214289E0F261}.Release|x86.Build.0 = Release|Any CPU
		{C3A84CD2-0A5B-42AA-90E0-B6A756544115}.Debug|Any CPU.ActiveCfg = Debug|Any CPU
		{C3A84CD2-0A5B-42AA-90E0-B6A756544115}.Debug|Any CPU.Build.0 = Debug|Any CPU
		{C3A84CD2-0A5B-42AA-90E0-B6A756544115}.Debug|x64.ActiveCfg = Debug|Any CPU
		{C3A84CD2-0A5B-42AA-90E0-B6A756544115}.Debug|x64.Build.0 = Debug|Any CPU
		{C3A84CD2-0A5B-42AA-90E0-B6A756544115}.Debug|x86.ActiveCfg = Debug|Any CPU
		{C3A84CD2-0A5B-42AA-90E0-B6A756544115}.Debug|x86.Build.0 = Debug|Any CPU
		{C3A84CD2-0A5B-42AA-90E0-B6A756544115}.Release|Any CPU.ActiveCfg = Release|Any CPU
		{C3A84CD2-0A5B-42AA-90E0-B6A756544115}.Release|Any CPU.Build.0 = Release|Any CPU
		{C3A84CD2-0A5B-42AA-90E0-B6A756544115}.Release|x64.ActiveCfg = Release|Any CPU
		{C3A84CD2-0A5B-42AA-90E0-B6A756544115}.Release|x64.Build.0 = Release|Any CPU
		{C3A84CD2-0A5B-42AA-90E0-B6A756544115}.Release|x86.ActiveCfg = Release|Any CPU
		{C3A84CD2-0A5B-42AA-90E0-B6A756544115}.Release|x86.Build.0 = Release|Any CPU
		{66AF9199-2571-4922-A663-62E2F9B2D71A}.Debug|Any CPU.ActiveCfg = Debug|Any CPU
		{66AF9199-2571-4922-A663-62E2F9B2D71A}.Debug|Any CPU.Build.0 = Debug|Any CPU
		{66AF9199-2571-4922-A663-62E2F9B2D71A}.Debug|x64.ActiveCfg = Debug|Any CPU
		{66AF9199-2571-4922-A663-62E2F9B2D71A}.Debug|x64.Build.0 = Debug|Any CPU
		{66AF9199-2571-4922-A663-62E2F9B2D71A}.Debug|x86.ActiveCfg = Debug|Any CPU
		{66AF9199-2571-4922-A663-62E2F9B2D71A}.Debug|x86.Build.0 = Debug|Any CPU
		{66AF9199-2571-4922-A663-62E2F9B2D71A}.Release|Any CPU.ActiveCfg = Release|Any CPU
		{66AF9199-2571-4922-A663-62E2F9B2D71A}.Release|Any CPU.Build.0 = Release|Any CPU
		{66AF9199-2571-4922-A663-62E2F9B2D71A}.Release|x64.ActiveCfg = Release|Any CPU
		{66AF9199-2571-4922-A663-62E2F9B2D71A}.Release|x64.Build.0 = Release|Any CPU
		{66AF9199-2571-4922-A663-62E2F9B2D71A}.Release|x86.ActiveCfg = Release|Any CPU
		{66AF9199-2571-4922-A663-62E2F9B2D71A}.Release|x86.Build.0 = Release|Any CPU
	EndGlobalSection
	GlobalSection(SolutionProperties) = preSolution
		HideSolutionNode = FALSE
	EndGlobalSection
	GlobalSection(NestedProjects) = preSolution
		{B418E2FD-FC2E-4402-B6C7-FFD6B3E4B63D} = {827E0CD3-B72D-47B6-A68D-7590B98EB39B}
		{90F2DD8E-251F-4B7D-A4A5-FBDA54272040} = {0AB3BF05-4346-4AA6-1389-037BE0695223}
		{F7A73726-E104-4E0D-809E-E6B2465361DA} = {0AB3BF05-4346-4AA6-1389-037BE0695223}
		{69105320-BBC4-48D4-8E12-A9C77CD01B68} = {827E0CD3-B72D-47B6-A68D-7590B98EB39B}
		{34526F2C-6FC8-43DC-9067-58457DCB5BBC} = {827E0CD3-B72D-47B6-A68D-7590B98EB39B}
		{2D542811-34B9-4B7E-9F0D-214289E0F261} = {0AB3BF05-4346-4AA6-1389-037BE0695223}
		{C3A84CD2-0A5B-42AA-90E0-B6A756544115} = {5D20AA90-6969-D8BD-9DCD-8634F4692FDA}
		{66AF9199-2571-4922-A663-62E2F9B2D71A} = {5D20AA90-6969-D8BD-9DCD-8634F4692FDA}
	EndGlobalSection
EndGlobal
